
Microsoft Visual Studio Solution File, Format Version 12.00
# Visual Studio Version 17
VisualStudioVersion = 17.0.32014.148
MinimumVisualStudioVersion = 10.0.40219.1
Project("{FAE04EC0-301F-11D3-BF4B-00C04F79EFBC}") = "SafeDevelopHomeWork-1", "SafeDevelopHomeWork-1\SafeDevelopHomeWork-1.csproj", "{97191258-0647-4A29-B808-F072DC77F5A6}"
EndProject
Global
	GlobalSection(SolutionConfigurationPlatforms) = preSolution
		Debug|Any CPU = Debug|Any CPU
		Release|Any CPU = Release|Any CPU
	EndGlobalSection
	GlobalSection(ProjectConfigurationPlatforms) = postSolution
		{97191258-0647-4A29-B808-F072DC77F5A6}.Debug|Any CPU.ActiveCfg = Debug|Any CPU
		{97191258-0647-4A29-B808-F072DC77F5A6}.Debug|Any CPU.Build.0 = Debug|Any CPU
		{97191258-0647-4A29-B808-F072DC77F5A6}.Release|Any CPU.ActiveCfg = Release|Any CPU
		{97191258-0647-4A29-B808-F072DC77F5A6}.Release|Any CPU.Build.0 = Release|Any CPU
	EndGlobalSection
	GlobalSection(SolutionProperties) = preSolution
		HideSolutionNode = FALSE
	EndGlobalSection
	GlobalSection(ExtensibilityGlobals) = postSolution
		SolutionGuid = {B912BC19-2A8F-4300-B60A-4A6163503B32}
	EndGlobalSection
EndGlobal
